
Microsoft Visual Studio Solution File, Format Version 12.00
Project("{FAE04EC0-301F-11D3-BF4B-00C04F79EFBC}") = "QuickSoft.ConstructionVentory", "src\QuickSoft.ConstructionVentory\QuickSoft.ConstructionVentory.csproj", "{0A939EA8-6448-4A1F-BB1B-D1AC6B9C3138}"
EndProject
Project("{FAE04EC0-301F-11D3-BF4B-00C04F79EFBC}") = "QuickSoft.ConstructionVentory.IntegrationTests", "test\QuickSoft.ConstructionVentory.IntegrationTests\QuickSoft.ConstructionVentory.IntegrationTests.csproj", "{9C6AC778-04CE-442E-93ED-89CAEC3D520D}"
EndProject
Project("{FAE04EC0-301F-11D3-BF4B-00C04F79EFBC}") = "build", "build\build.csproj", "{45FE6198-AEB5-4DFC-8559-5F645A7353A8}"
EndProject
Project("{FAE04EC0-301F-11D3-BF4B-00C04F79EFBC}") = "ASPNET_Core_3", "ASPNET_Core_3_0_Seed_Project\ASPNET_Core_3\ASPNET_Core_3.csproj", "{42B11D5D-9868-4E99-A33B-80655BE2F574}"
EndProject
Global
	GlobalSection(SolutionConfigurationPlatforms) = preSolution
		Debug|Any CPU = Debug|Any CPU
		Release|Any CPU = Release|Any CPU
	EndGlobalSection
	GlobalSection(ProjectConfigurationPlatforms) = postSolution
		{0A939EA8-6448-4A1F-BB1B-D1AC6B9C3138}.Debug|Any CPU.ActiveCfg = Debug|Any CPU
		{0A939EA8-6448-4A1F-BB1B-D1AC6B9C3138}.Debug|Any CPU.Build.0 = Debug|Any CPU
		{0A939EA8-6448-4A1F-BB1B-D1AC6B9C3138}.Release|Any CPU.ActiveCfg = Release|Any CPU
		{0A939EA8-6448-4A1F-BB1B-D1AC6B9C3138}.Release|Any CPU.Build.0 = Release|Any CPU
		{9C6AC778-04CE-442E-93ED-89CAEC3D520D}.Debug|Any CPU.ActiveCfg = Debug|Any CPU
		{9C6AC778-04CE-442E-93ED-89CAEC3D520D}.Debug|Any CPU.Build.0 = Debug|Any CPU
		{9C6AC778-04CE-442E-93ED-89CAEC3D520D}.Release|Any CPU.ActiveCfg = Release|Any CPU
		{9C6AC778-04CE-442E-93ED-89CAEC3D520D}.Release|Any CPU.Build.0 = Release|Any CPU
		{45FE6198-AEB5-4DFC-8559-5F645A7353A8}.Debug|Any CPU.ActiveCfg = Debug|Any CPU
		{45FE6198-AEB5-4DFC-8559-5F645A7353A8}.Debug|Any CPU.Build.0 = Debug|Any CPU
		{45FE6198-AEB5-4DFC-8559-5F645A7353A8}.Release|Any CPU.ActiveCfg = Release|Any CPU
		{45FE6198-AEB5-4DFC-8559-5F645A7353A8}.Release|Any CPU.Build.0 = Release|Any CPU
		{42B11D5D-9868-4E99-A33B-80655BE2F574}.Debug|Any CPU.ActiveCfg = Debug|Any CPU
		{42B11D5D-9868-4E99-A33B-80655BE2F574}.Debug|Any CPU.Build.0 = Debug|Any CPU
		{42B11D5D-9868-4E99-A33B-80655BE2F574}.Release|Any CPU.ActiveCfg = Release|Any CPU
		{42B11D5D-9868-4E99-A33B-80655BE2F574}.Release|Any CPU.Build.0 = Release|Any CPU
	EndGlobalSection
EndGlobal
